
Microsoft Visual Studio Solution File, Format Version 12.00
# Visual Studio Version 17
VisualStudioVersion = 17.6.33723.286
MinimumVisualStudioVersion = 10.0.40219.1
Project("{9A19103F-16F7-4668-BE54-9A1E7A4F7556}") = "LibraryAPI", "LibraryAPI\LibraryAPI.csproj", "{DF3443D3-B9AC-496B-8FBF-F2BE8C24523C}"
EndProject
Project("{9A19103F-16F7-4668-BE54-9A1E7A4F7556}") = "LibraryBookModels", "LibraryBookModels\LibraryBookModels.csproj", "{430D6ED3-EE0B-47D9-BD4A-CCE6915AB161}"
EndProject
Project("{FAE04EC0-301F-11D3-BF4B-00C04F79EFBC}") = "LibraryUI-MVC", "LibraryUI-MVC\LibraryUI-MVC.csproj", "{4F4045B3-FBE9-4F49-884D-CC0EB23D950B}"
EndProject
Global
	GlobalSection(SolutionConfigurationPlatforms) = preSolution
		Debug|Any CPU = Debug|Any CPU
		Release|Any CPU = Release|Any CPU
	EndGlobalSection
	GlobalSection(ProjectConfigurationPlatforms) = postSolution
		{DF3443D3-B9AC-496B-8FBF-F2BE8C24523C}.Debug|Any CPU.ActiveCfg = Debug|Any CPU
		{DF3443D3-B9AC-496B-8FBF-F2BE8C24523C}.Debug|Any CPU.Build.0 = Debug|Any CPU
		{DF3443D3-B9AC-496B-8FBF-F2BE8C24523C}.Release|Any CPU.ActiveCfg = Release|Any CPU
		{DF3443D3-B9AC-496B-8FBF-F2BE8C24523C}.Release|Any CPU.Build.0 = Release|Any CPU
		{430D6ED3-EE0B-47D9-BD4A-CCE6915AB161}.Debug|Any CPU.ActiveCfg = Debug|Any CPU
		{430D6ED3-EE0B-47D9-BD4A-CCE6915AB161}.Debug|Any CPU.Build.0 = Debug|Any CPU
		{430D6ED3-EE0B-47D9-BD4A-CCE6915AB161}.Release|Any CPU.ActiveCfg = Release|Any CPU
		{430D6ED3-EE0B-47D9-BD4A-CCE6915AB161}.Release|Any CPU.Build.0 = Release|Any CPU
		{4F4045B3-FBE9-4F49-884D-CC0EB23D950B}.Debug|Any CPU.ActiveCfg = Debug|Any CPU
		{4F4045B3-FBE9-4F49-884D-CC0EB23D950B}.Debug|Any CPU.Build.0 = Debug|Any CPU
		{4F4045B3-FBE9-4F49-884D-CC0EB23D950B}.Release|Any CPU.ActiveCfg = Release|Any CPU
		{4F4045B3-FBE9-4F49-884D-CC0EB23D950B}.Release|Any CPU.Build.0 = Release|Any CPU
	EndGlobalSection
	GlobalSection(SolutionProperties) = preSolution
		HideSolutionNode = FALSE
	EndGlobalSection
	GlobalSection(ExtensibilityGlobals) = postSolution
		SolutionGuid = {2E8A7257-711B-47D9-A4CA-5DB3927DA18A}
	EndGlobalSection
EndGlobal
